
Microsoft Visual Studio Solution File, Format Version 12.00
Project("{FAE04EC0-301F-11D3-BF4B-00C04F79EFBC}") = "WebApp", "WebApp\WebApp.csproj", "{2096AAAF-6B3E-4D03-9A60-0D3FCB0094C8}"
EndProject
Project("{FAE04EC0-301F-11D3-BF4B-00C04F79EFBC}") = "DAL.App.EF", "DAL.App.EF\DAL.App.EF.csproj", "{94972FC5-ACA2-45EE-BE12-6A622BAEB3C7}"
EndProject
Project("{2150E333-8FDC-42A3-9474-1A3956D46DE8}") = "Solution Items", "Solution Items", "{AAB93CB4-3778-4CD6-B622-6EA7F352B709}"
ProjectSection(SolutionItems) = preProject
	README.md = README.md
	Directory.Build.props = Directory.Build.props
	.gitignore = .gitignore
	.dockerignore = .dockerignore
	Dockerfile = Dockerfile
EndProjectSection
EndProject
Project("{2150E333-8FDC-42A3-9474-1A3956D46DE8}") = "App", "App", "{114F1512-8CBE-4563-A863-1828BFFD4E94}"
EndProject
Project("{2150E333-8FDC-42A3-9474-1A3956D46DE8}") = "Base", "Base", "{564F8EF9-7B12-4DDC-AF56-DC4DA0E9703A}"
EndProject
Project("{FAE04EC0-301F-11D3-BF4B-00C04F79EFBC}") = "Domain.Base", "Domain.Base\Domain.Base.csproj", "{46302B44-AEB8-4958-956D-619734CEB676}"
EndProject
Project("{FAE04EC0-301F-11D3-BF4B-00C04F79EFBC}") = "DAL.Base", "DAL.Base\DAL.Base.csproj", "{0A596D00-67A1-40F4-8B18-FFBBCBCA4310}"
EndProject
Project("{FAE04EC0-301F-11D3-BF4B-00C04F79EFBC}") = "DAL.Base.EF", "DAL.Base.EF\DAL.Base.EF.csproj", "{99FD37A1-ADDA-4A32-A045-7A822A9CD17A}"
EndProject
Project("{FAE04EC0-301F-11D3-BF4B-00C04F79EFBC}") = "Domain.App", "Domain.App\Domain.App.csproj", "{AF6C2E32-4721-4476-9560-F96B172C85AE}"
EndProject
Project("{FAE04EC0-301F-11D3-BF4B-00C04F79EFBC}") = "Extensions.Base", "Extensions.Base\Extensions.Base.csproj", "{B626A955-D2F9-48D5-B00D-C79E3D060FA1}"
EndProject
Project("{FAE04EC0-301F-11D3-BF4B-00C04F79EFBC}") = "BLL.Base", "BLL.Base\BLL.Base.csproj", "{86E45AB4-6819-46B7-A185-ABD96B61866F}"
EndProject
Project("{FAE04EC0-301F-11D3-BF4B-00C04F79EFBC}") = "BLL.App", "BLL.App\BLL.App.csproj", "{91F5B628-9493-4799-8359-6E4D4152FF0E}"
EndProject
Project("{FAE04EC0-301F-11D3-BF4B-00C04F79EFBC}") = "DAL.App.DTO", "DAL.App.DTO\DAL.App.DTO.csproj", "{6845A9DE-99A5-4EE2-AD49-B8AB0296078D}"
EndProject
Project("{FAE04EC0-301F-11D3-BF4B-00C04F79EFBC}") = "BLL.App.DTO", "BLL.App.DTO\BLL.App.DTO.csproj", "{CE67FC81-882A-4985-A4F1-0AEC873BE4F6}"
EndProject
Project("{FAE04EC0-301F-11D3-BF4B-00C04F79EFBC}") = "PublicApi.DTO.v1", "PublicApi.DTO.v1\PublicApi.DTO.v1.csproj", "{18194D0D-9EC0-457D-A59A-7E85E8C55A44}"
EndProject
Project("{FAE04EC0-301F-11D3-BF4B-00C04F79EFBC}") = "Resources", "Resources\Resources.csproj", "{B4D1CAD2-F9A0-4391-B0D7-92280F516329}"
EndProject
Project("{FAE04EC0-301F-11D3-BF4B-00C04F79EFBC}") = "Resources.Base", "Resources.Base\Resources.Base.csproj", "{E1126327-290E-40AA-8487-D7ABAA1D22D1}"
EndProject
Project("{2150E333-8FDC-42A3-9474-1A3956D46DE8}") = "Tests", "Tests", "{F0ED643F-D65B-46BD-AB4B-C6E4FB4C04D4}"
EndProject
Project("{FAE04EC0-301F-11D3-BF4B-00C04F79EFBC}") = "TestProject", "TestProject\TestProject.csproj", "{EC4C660F-9E49-41DD-9186-3C0977627EF9}"
EndProject
Project("{FAE04EC0-301F-11D3-BF4B-00C04F79EFBC}") = "Contracts.BLL.App", "Contracts.BLL.App\Contracts.BLL.App.csproj", "{E428A1A6-DE50-4BEE-98D8-A600BCD1D570}"
EndProject
Project("{FAE04EC0-301F-11D3-BF4B-00C04F79EFBC}") = "Contracts.DAL.App", "Contracts.DAL.App\Contracts.DAL.App.csproj", "{EC1A8805-D2BF-4CD4-AA87-288F942D1E65}"
EndProject
Project("{FAE04EC0-301F-11D3-BF4B-00C04F79EFBC}") = "Contracts.Domain.Base", "Contracts.Domain.Base\Contracts.Domain.Base.csproj", "{0F52F85A-843A-4C01-B940-403C6F5A49A8}"
EndProject
Project("{FAE04EC0-301F-11D3-BF4B-00C04F79EFBC}") = "Contracts.BLL.Base", "Contracts.BLL.Base\Contracts.BLL.Base.csproj", "{F86A07F5-F3FF-4A1A-9313-2DB84E7CD20E}"
EndProject
Project("{FAE04EC0-301F-11D3-BF4B-00C04F79EFBC}") = "Contracts.DAL.Base", "Contracts.DAL.Base\Contracts.DAL.Base.csproj", "{FF87517C-7BF5-4A4E-885E-EE6C30324D22}"
EndProject
Global
	GlobalSection(SolutionConfigurationPlatforms) = preSolution
		Debug|Any CPU = Debug|Any CPU
		Release|Any CPU = Release|Any CPU
	EndGlobalSection
	GlobalSection(ProjectConfigurationPlatforms) = postSolution
		{2096AAAF-6B3E-4D03-9A60-0D3FCB0094C8}.Debug|Any CPU.ActiveCfg = Debug|Any CPU
		{2096AAAF-6B3E-4D03-9A60-0D3FCB0094C8}.Debug|Any CPU.Build.0 = Debug|Any CPU
		{2096AAAF-6B3E-4D03-9A60-0D3FCB0094C8}.Release|Any CPU.ActiveCfg = Release|Any CPU
		{2096AAAF-6B3E-4D03-9A60-0D3FCB0094C8}.Release|Any CPU.Build.0 = Release|Any CPU
		{94972FC5-ACA2-45EE-BE12-6A622BAEB3C7}.Debug|Any CPU.ActiveCfg = Debug|Any CPU
		{94972FC5-ACA2-45EE-BE12-6A622BAEB3C7}.Release|Any CPU.ActiveCfg = Release|Any CPU
		{94972FC5-ACA2-45EE-BE12-6A622BAEB3C7}.Release|Any CPU.Build.0 = Release|Any CPU
		{94972FC5-ACA2-45EE-BE12-6A622BAEB3C7}.Debug|Any CPU.Build.0 = Debug|Any CPU
		{46302B44-AEB8-4958-956D-619734CEB676}.Debug|Any CPU.ActiveCfg = Debug|Any CPU
		{46302B44-AEB8-4958-956D-619734CEB676}.Debug|Any CPU.Build.0 = Debug|Any CPU
		{46302B44-AEB8-4958-956D-619734CEB676}.Release|Any CPU.ActiveCfg = Release|Any CPU
		{46302B44-AEB8-4958-956D-619734CEB676}.Release|Any CPU.Build.0 = Release|Any CPU
		{0A596D00-67A1-40F4-8B18-FFBBCBCA4310}.Debug|Any CPU.ActiveCfg = Debug|Any CPU
		{0A596D00-67A1-40F4-8B18-FFBBCBCA4310}.Debug|Any CPU.Build.0 = Debug|Any CPU
		{0A596D00-67A1-40F4-8B18-FFBBCBCA4310}.Release|Any CPU.ActiveCfg = Release|Any CPU
		{0A596D00-67A1-40F4-8B18-FFBBCBCA4310}.Release|Any CPU.Build.0 = Release|Any CPU
		{99FD37A1-ADDA-4A32-A045-7A822A9CD17A}.Debug|Any CPU.ActiveCfg = Debug|Any CPU
		{99FD37A1-ADDA-4A32-A045-7A822A9CD17A}.Debug|Any CPU.Build.0 = Debug|Any CPU
		{99FD37A1-ADDA-4A32-A045-7A822A9CD17A}.Release|Any CPU.ActiveCfg = Release|Any CPU
		{99FD37A1-ADDA-4A32-A045-7A822A9CD17A}.Release|Any CPU.Build.0 = Release|Any CPU
		{AF6C2E32-4721-4476-9560-F96B172C85AE}.Debug|Any CPU.ActiveCfg = Debug|Any CPU
		{AF6C2E32-4721-4476-9560-F96B172C85AE}.Debug|Any CPU.Build.0 = Debug|Any CPU
		{AF6C2E32-4721-4476-9560-F96B172C85AE}.Release|Any CPU.ActiveCfg = Release|Any CPU
		{AF6C2E32-4721-4476-9560-F96B172C85AE}.Release|Any CPU.Build.0 = Release|Any CPU
		{B626A955-D2F9-48D5-B00D-C79E3D060FA1}.Debug|Any CPU.ActiveCfg = Debug|Any CPU
		{B626A955-D2F9-48D5-B00D-C79E3D060FA1}.Debug|Any CPU.Build.0 = Debug|Any CPU
		{B626A955-D2F9-48D5-B00D-C79E3D060FA1}.Release|Any CPU.ActiveCfg = Release|Any CPU
		{B626A955-D2F9-48D5-B00D-C79E3D060FA1}.Release|Any CPU.Build.0 = Release|Any CPU
		{86E45AB4-6819-46B7-A185-ABD96B61866F}.Debug|Any CPU.ActiveCfg = Debug|Any CPU
		{86E45AB4-6819-46B7-A185-ABD96B61866F}.Debug|Any CPU.Build.0 = Debug|Any CPU
		{86E45AB4-6819-46B7-A185-ABD96B61866F}.Release|Any CPU.ActiveCfg = Release|Any CPU
		{86E45AB4-6819-46B7-A185-ABD96B61866F}.Release|Any CPU.Build.0 = Release|Any CPU
		{91F5B628-9493-4799-8359-6E4D4152FF0E}.Debug|Any CPU.ActiveCfg = Debug|Any CPU
		{91F5B628-9493-4799-8359-6E4D4152FF0E}.Debug|Any CPU.Build.0 = Debug|Any CPU
		{91F5B628-9493-4799-8359-6E4D4152FF0E}.Release|Any CPU.ActiveCfg = Release|Any CPU
		{91F5B628-9493-4799-8359-6E4D4152FF0E}.Release|Any CPU.Build.0 = Release|Any CPU
		{6845A9DE-99A5-4EE2-AD49-B8AB0296078D}.Debug|Any CPU.ActiveCfg = Debug|Any CPU
		{6845A9DE-99A5-4EE2-AD49-B8AB0296078D}.Debug|Any CPU.Build.0 = Debug|Any CPU
		{6845A9DE-99A5-4EE2-AD49-B8AB0296078D}.Release|Any CPU.ActiveCfg = Release|Any CPU
		{6845A9DE-99A5-4EE2-AD49-B8AB0296078D}.Release|Any CPU.Build.0 = Release|Any CPU
		{CE67FC81-882A-4985-A4F1-0AEC873BE4F6}.Debug|Any CPU.ActiveCfg = Debug|Any CPU
		{CE67FC81-882A-4985-A4F1-0AEC873BE4F6}.Debug|Any CPU.Build.0 = Debug|Any CPU
		{CE67FC81-882A-4985-A4F1-0AEC873BE4F6}.Release|Any CPU.ActiveCfg = Release|Any CPU
		{CE67FC81-882A-4985-A4F1-0AEC873BE4F6}.Release|Any CPU.Build.0 = Release|Any CPU
		{18194D0D-9EC0-457D-A59A-7E85E8C55A44}.Debug|Any CPU.ActiveCfg = Debug|Any CPU
		{18194D0D-9EC0-457D-A59A-7E85E8C55A44}.Debug|Any CPU.Build.0 = Debug|Any CPU
		{18194D0D-9EC0-457D-A59A-7E85E8C55A44}.Release|Any CPU.ActiveCfg = Release|Any CPU
		{18194D0D-9EC0-457D-A59A-7E85E8C55A44}.Release|Any CPU.Build.0 = Release|Any CPU
		{B4D1CAD2-F9A0-4391-B0D7-92280F516329}.Debug|Any CPU.ActiveCfg = Debug|Any CPU
		{B4D1CAD2-F9A0-4391-B0D7-92280F516329}.Debug|Any CPU.Build.0 = Debug|Any CPU
		{B4D1CAD2-F9A0-4391-B0D7-92280F516329}.Release|Any CPU.ActiveCfg = Release|Any CPU
		{B4D1CAD2-F9A0-4391-B0D7-92280F516329}.Release|Any CPU.Build.0 = Release|Any CPU
		{E1126327-290E-40AA-8487-D7ABAA1D22D1}.Debug|Any CPU.ActiveCfg = Debug|Any CPU
		{E1126327-290E-40AA-8487-D7ABAA1D22D1}.Debug|Any CPU.Build.0 = Debug|Any CPU
		{E1126327-290E-40AA-8487-D7ABAA1D22D1}.Release|Any CPU.ActiveCfg = Release|Any CPU
		{E1126327-290E-40AA-8487-D7ABAA1D22D1}.Release|Any CPU.Build.0 = Release|Any CPU
		{EC4C660F-9E49-41DD-9186-3C0977627EF9}.Debug|Any CPU.ActiveCfg = Debug|Any CPU
		{EC4C660F-9E49-41DD-9186-3C0977627EF9}.Debug|Any CPU.Build.0 = Debug|Any CPU
		{EC4C660F-9E49-41DD-9186-3C0977627EF9}.Release|Any CPU.ActiveCfg = Release|Any CPU
		{EC4C660F-9E49-41DD-9186-3C0977627EF9}.Release|Any CPU.Build.0 = Release|Any CPU
		{E428A1A6-DE50-4BEE-98D8-A600BCD1D570}.Debug|Any CPU.ActiveCfg = Debug|Any CPU
		{E428A1A6-DE50-4BEE-98D8-A600BCD1D570}.Debug|Any CPU.Build.0 = Debug|Any CPU
		{E428A1A6-DE50-4BEE-98D8-A600BCD1D570}.Release|Any CPU.ActiveCfg = Release|Any CPU
		{E428A1A6-DE50-4BEE-98D8-A600BCD1D570}.Release|Any CPU.Build.0 = Release|Any CPU
		{EC1A8805-D2BF-4CD4-AA87-288F942D1E65}.Debug|Any CPU.ActiveCfg = Debug|Any CPU
		{EC1A8805-D2BF-4CD4-AA87-288F942D1E65}.Debug|Any CPU.Build.0 = Debug|Any CPU
		{EC1A8805-D2BF-4CD4-AA87-288F942D1E65}.Release|Any CPU.ActiveCfg = Release|Any CPU
		{EC1A8805-D2BF-4CD4-AA87-288F942D1E65}.Release|Any CPU.Build.0 = Release|Any CPU
		{0F52F85A-843A-4C01-B940-403C6F5A49A8}.Debug|Any CPU.ActiveCfg = Debug|Any CPU
		{0F52F85A-843A-4C01-B940-403C6F5A49A8}.Debug|Any CPU.Build.0 = Debug|Any CPU
		{0F52F85A-843A-4C01-B940-403C6F5A49A8}.Release|Any CPU.ActiveCfg = Release|Any CPU
		{0F52F85A-843A-4C01-B940-403C6F5A49A8}.Release|Any CPU.Build.0 = Release|Any CPU
		{F86A07F5-F3FF-4A1A-9313-2DB84E7CD20E}.Debug|Any CPU.ActiveCfg = Debug|Any CPU
		{F86A07F5-F3FF-4A1A-9313-2DB84E7CD20E}.Debug|Any CPU.Build.0 = Debug|Any CPU
		{F86A07F5-F3FF-4A1A-9313-2DB84E7CD20E}.Release|Any CPU.ActiveCfg = Release|Any CPU
		{F86A07F5-F3FF-4A1A-9313-2DB84E7CD20E}.Release|Any CPU.Build.0 = Release|Any CPU
		{FF87517C-7BF5-4A4E-885E-EE6C30324D22}.Debug|Any CPU.ActiveCfg = Debug|Any CPU
		{FF87517C-7BF5-4A4E-885E-EE6C30324D22}.Debug|Any CPU.Build.0 = Debug|Any CPU
		{FF87517C-7BF5-4A4E-885E-EE6C30324D22}.Release|Any CPU.ActiveCfg = Release|Any CPU
		{FF87517C-7BF5-4A4E-885E-EE6C30324D22}.Release|Any CPU.Build.0 = Release|Any CPU
	EndGlobalSection
	GlobalSection(NestedProjects) = preSolution
		{94972FC5-ACA2-45EE-BE12-6A622BAEB3C7} = {114F1512-8CBE-4563-A863-1828BFFD4E94}
		{2096AAAF-6B3E-4D03-9A60-0D3FCB0094C8} = {114F1512-8CBE-4563-A863-1828BFFD4E94}
		{46302B44-AEB8-4958-956D-619734CEB676} = {564F8EF9-7B12-4DDC-AF56-DC4DA0E9703A}
		{0A596D00-67A1-40F4-8B18-FFBBCBCA4310} = {564F8EF9-7B12-4DDC-AF56-DC4DA0E9703A}
		{99FD37A1-ADDA-4A32-A045-7A822A9CD17A} = {564F8EF9-7B12-4DDC-AF56-DC4DA0E9703A}
		{AF6C2E32-4721-4476-9560-F96B172C85AE} = {114F1512-8CBE-4563-A863-1828BFFD4E94}
		{B626A955-D2F9-48D5-B00D-C79E3D060FA1} = {564F8EF9-7B12-4DDC-AF56-DC4DA0E9703A}
		{86E45AB4-6819-46B7-A185-ABD96B61866F} = {564F8EF9-7B12-4DDC-AF56-DC4DA0E9703A}
		{91F5B628-9493-4799-8359-6E4D4152FF0E} = {114F1512-8CBE-4563-A863-1828BFFD4E94}
		{6845A9DE-99A5-4EE2-AD49-B8AB0296078D} = {114F1512-8CBE-4563-A863-1828BFFD4E94}
		{CE67FC81-882A-4985-A4F1-0AEC873BE4F6} = {114F1512-8CBE-4563-A863-1828BFFD4E94}
		{18194D0D-9EC0-457D-A59A-7E85E8C55A44} = {114F1512-8CBE-4563-A863-1828BFFD4E94}
		{B4D1CAD2-F9A0-4391-B0D7-92280F516329} = {114F1512-8CBE-4563-A863-1828BFFD4E94}
		{E1126327-290E-40AA-8487-D7ABAA1D22D1} = {564F8EF9-7B12-4DDC-AF56-DC4DA0E9703A}
		{EC4C660F-9E49-41DD-9186-3C0977627EF9} = {F0ED643F-D65B-46BD-AB4B-C6E4FB4C04D4}
		{E428A1A6-DE50-4BEE-98D8-A600BCD1D570} = {114F1512-8CBE-4563-A863-1828BFFD4E94}
		{EC1A8805-D2BF-4CD4-AA87-288F942D1E65} = {114F1512-8CBE-4563-A863-1828BFFD4E94}
		{0F52F85A-843A-4C01-B940-403C6F5A49A8} = {564F8EF9-7B12-4DDC-AF56-DC4DA0E9703A}
		{F86A07F5-F3FF-4A1A-9313-2DB84E7CD20E} = {564F8EF9-7B12-4DDC-AF56-DC4DA0E9703A}
		{FF87517C-7BF5-4A4E-885E-EE6C30324D22} = {564F8EF9-7B12-4DDC-AF56-DC4DA0E9703A}
	EndGlobalSection
EndGlobal
